{
  "name": "santoroadv",
  "lockfileVersion": 2,
  "requires": true,
  "packages": {
    "": {
      "dependencies": {
        "primefaces": "^12.0.0"
      }
    },
    "node_modules/@egjs/hammerjs": {
      "version": "2.0.17",
      "resolved": "https://registry.npmjs.org/@egjs/hammerjs/-/hammerjs-2.0.17.tgz",
      "integrity": "sha512-XQsZgjm2EcVUiZQf11UBJQfmZeEmOW8DpI1gsFeln6w0ae0ii4dMQEQ0kjl6DspdWX1aGY1/loyXnP0JS06e/A==",
      "peer": true,
      "dependencies": {
        "@types/hammerjs": "^2.0.36"
      },
      "engines": {
        "node": ">=0.8.0"
      }
    },
    "node_modules/@fullcalendar/common": {
      "version": "5.11.0",
      "resolved": "https://registry.npmjs.org/@fullcalendar/common/-/common-5.11.0.tgz",
      "integrity": "sha512-gWjbMAnN1u73Oqlgjbyky7i+3bY0hvFSnGT0YBPx44n874AkQa9e9OU12PMLTMOPy0tXPb8DEwRelFQ7CJNbcw==",
      "dependencies": {
        "tslib": "^2.1.0"
      }
    },
    "node_modules/@fullcalendar/core": {
      "version": "5.11.0",
      "resolved": "https://registry.npmjs.org/@fullcalendar/core/-/core-5.11.0.tgz",
      "integrity": "sha512-cF/d9LuJb/6xw14ms0urv1H4BiA70c4jrufe/EuVzLR6qTDpK92IZ3JK7GVtZtzptfTYZ/NQgDV9YCzIaO9Blw==",
      "dependencies": {
        "@fullcalendar/common": "~5.11.0",
        "preact": "^10.0.5",
        "tslib": "^2.1.0"
      }
    },
    "node_modules/@fullcalendar/daygrid": {
      "version": "5.11.0",
      "resolved": "https://registry.npmjs.org/@fullcalendar/daygrid/-/daygrid-5.11.0.tgz",
      "integrity": "sha512-Ybh/dfHn/VL0qOVIRVyJc9I8oYiqqHl6xQONk8xXCe456QbPzAQLsAxpLLJLH+3smWNCfoQgvDKzR9e9XTzLMQ==",
      "dependencies": {
        "@fullcalendar/common": "~5.11.0",
        "tslib": "^2.1.0"
      }
    },
    "node_modules/@fullcalendar/interaction": {
      "version": "5.11.0",
      "resolved": "https://registry.npmjs.org/@fullcalendar/interaction/-/interaction-5.11.0.tgz",
      "integrity": "sha512-9XTI5+ydqrSX+IL3iWgKBURXfnPewn57Tmsv9mJZhiqrUEF7/+qtftLoKEAc8ZdWk/+01aBe67PFL16uPXj2Jg==",
      "dependencies": {
        "@fullcalendar/common": "~5.11.0",
        "tslib": "^2.1.0"
      }
    },
    "node_modules/@fullcalendar/list": {
      "version": "5.11.0",
      "resolved": "https://registry.npmjs.org/@fullcalendar/list/-/list-5.11.0.tgz",
      "integrity": "sha512-0dl/JV6zEGseTDXpM16nozetByVvJ4l/DElYP+StCtnk+Lr51zFK0yfRWRwB9XInxyapfZLDd/3YjKXQf8Bxcw==",
      "dependencies": {
        "@fullcalendar/common": "~5.11.0",
        "tslib": "^2.1.0"
      }
    },
    "node_modules/@fullcalendar/moment": {
      "version": "5.11.0",
      "resolved": "https://registry.npmjs.org/@fullcalendar/moment/-/moment-5.11.0.tgz",
      "integrity": "sha512-zrlqGkgWS0y//Ym+Zf5txh7zhn8UOUtAQ263ZuXdAEJSRDc68GAz+fseDwnsZ1itv+sE86dfmjww9yIt740akg==",
      "dependencies": {
        "@fullcalendar/common": "~5.11.0",
        "tslib": "^2.1.0"
      },
      "peerDependencies": {
        "moment": "^2.29.1"
      }
    },
    "node_modules/@fullcalendar/timegrid": {
      "version": "5.11.0",
      "resolved": "https://registry.npmjs.org/@fullcalendar/timegrid/-/timegrid-5.11.0.tgz",
      "integrity": "sha512-GNy+/PwAj510PS4Fu18Mf/CytNBVftFU7M8XwsUXOCJ6ouyroHZje0a7k5cH/nE5IQ6NJZfH2eAPBlxGath1MQ==",
      "dependencies": {
        "@fullcalendar/common": "~5.11.0",
        "@fullcalendar/daygrid": "~5.11.0",
        "tslib": "^2.1.0"
      }
    },
    "node_modules/@types/chart.js": {
      "version": "2.9.37",
      "resolved": "https://registry.npmjs.org/@types/chart.js/-/chart.js-2.9.37.tgz",
      "integrity": "sha512-9bosRfHhkXxKYfrw94EmyDQcdjMaQPkU1fH2tDxu8DWXxf1mjzWQAV4laJF51ZbC2ycYwNDvIm1rGez8Bug0vg==",
      "dependencies": {
        "moment": "^2.10.2"
      }
    },
    "node_modules/@types/downloadjs": {
      "version": "1.4.3",
      "resolved": "https://registry.npmjs.org/@types/downloadjs/-/downloadjs-1.4.3.tgz",
      "integrity": "sha512-MjJepFle/tLtT2/jmDNth6ZnwWzEhm40L+olE5HKR70ISUCfgT55eqreeHldAzFLY2HDUGsn8zgyto8KygN0CA=="
    },
    "node_modules/@types/google.maps": {
      "version": "3.49.2",
      "resolved": "https://registry.npmjs.org/@types/google.maps/-/google.maps-3.49.2.tgz",
      "integrity": "sha512-ZO1qWciukqED9qcUNW7OaPXWnTlT+tO3WcYkmudZyQW2BqD7TlMFRrdqSCoqfwKhERCwBA5A/YZt/g5A3BqgLQ=="
    },
    "node_modules/@types/hammerjs": {
      "version": "2.0.41",
      "resolved": "https://registry.npmjs.org/@types/hammerjs/-/hammerjs-2.0.41.tgz",
      "integrity": "sha512-ewXv/ceBaJprikMcxCmWU1FKyMAQ2X7a9Gtmzw8fcg2kIePI1crERDM818W+XYrxqdBBOdlf2rm137bU+BltCA=="
    },
    "node_modules/@types/inputmask": {
      "version": "5.0.3",
      "resolved": "https://registry.npmjs.org/@types/inputmask/-/inputmask-5.0.3.tgz",
      "integrity": "sha512-9aTXacRhf9D3+porVydLR28ll8/y3TQIrXEXv7ZWY0c3Lzl/1r4nHoaesZeh2Fd+UIefpWZrg2tkSnDn/dKUsw=="
    },
    "node_modules/@types/jquery": {
      "version": "3.5.14",
      "resolved": "https://registry.npmjs.org/@types/jquery/-/jquery-3.5.14.tgz",
      "integrity": "sha512-X1gtMRMbziVQkErhTQmSe2jFwwENA/Zr+PprCkF63vFq+Yt5PZ4AlKqgmeNlwgn7dhsXEK888eIW2520EpC+xg==",
      "dependencies": {
        "@types/sizzle": "*"
      }
    },
    "node_modules/@types/jqueryui": {
      "version": "1.12.16",
      "resolved": "https://registry.npmjs.org/@types/jqueryui/-/jqueryui-1.12.16.tgz",
      "integrity": "sha512-6huAQDpNlso9ayaUT9amBOA3kj02OCeUWs+UvDmbaJmwkHSg/HLsQOoap/D5uveN9ePwl72N45Bl+Frp5xyG1Q==",
      "dependencies": {
        "@types/jquery": "*"
      }
    },
    "node_modules/@types/js-cookie": {
      "version": "2.2.7",
      "resolved": "https://registry.npmjs.org/@types/js-cookie/-/js-cookie-2.2.7.tgz",
      "integrity": "sha512-aLkWa0C0vO5b4Sr798E26QgOkss68Un0bLjs7u9qxzPT5CG+8DuNTffWES58YzJs3hrVAOs1wonycqEBqNJubA=="
    },
    "node_modules/@types/quill": {
      "version": "1.3.10",
      "resolved": "https://registry.npmjs.org/@types/quill/-/quill-1.3.10.tgz",
      "integrity": "sha512-IhW3fPW+bkt9MLNlycw8u8fWb7oO7W5URC9MfZYHBlA24rex9rs23D5DETChu1zvgVdc5ka64ICjJOgQMr6Shw==",
      "dependencies": {
        "parchment": "^1.1.2"
      }
    },
    "node_modules/@types/raphael": {
      "version": "2.3.3",
      "resolved": "https://registry.npmjs.org/@types/raphael/-/raphael-2.3.3.tgz",
      "integrity": "sha512-Rhvq0q6wzyvipejki/9w87/pgapyE+s3gO66tdl1oD3qDrow+ek+4vVYAbRkeL58HCCK9EOZKwyjqYJ/TFkmtQ=="
    },
    "node_modules/@types/sizzle": {
      "version": "2.3.3",
      "resolved": "https://registry.npmjs.org/@types/sizzle/-/sizzle-2.3.3.tgz",
      "integrity": "sha512-JYM8x9EGF163bEyhdJBpR2QX1R5naCJHC8ucJylJ3w9/CVBaskdQ8WqBf8MmQrd1kRvp/a4TS8HJ+bxzR7ZJYQ=="
    },
    "node_modules/autonumeric": {
      "version": "4.6.0",
      "resolved": "https://registry.npmjs.org/autonumeric/-/autonumeric-4.6.0.tgz",
      "integrity": "sha512-bYnD2oD9UMZBTxSWcvXH1MTcp0w+CUBfXe4HI1QJLGzJu+O27Ny5gqzRcFuDsZB9jrZ5SJjqAG0PieJsaUdTcg==",
      "hasInstallScript": true
    },
    "node_modules/commander": {
      "version": "2.20.3",
      "resolved": "https://registry.npmjs.org/commander/-/commander-2.20.3.tgz",
      "integrity": "sha512-GpVkmM8vF2vQUkj2LvZmD35JxeJOLCwJ9cUkugyk2nuhbv3+mJvpLYYt+0+USMxE+oj+ey/lJEnhZw75x/OMcQ=="
    },
    "node_modules/component-emitter": {
      "version": "1.3.0",
      "resolved": "https://registry.npmjs.org/component-emitter/-/component-emitter-1.3.0.tgz",
      "integrity": "sha512-Rd3se6QB+sO1TwqZjscQrurpEPIfO0/yYnSin6Q/rD3mOutHvUrCAhJub3r90uNb+SESBuE0QYoB90YdfatsRg==",
      "peer": true
    },
    "node_modules/cropperjs": {
      "version": "1.5.12",
      "resolved": "https://registry.npmjs.org/cropperjs/-/cropperjs-1.5.12.tgz",
      "integrity": "sha512-re7UdjE5UnwdrovyhNzZ6gathI4Rs3KGCBSc8HCIjUo5hO42CtzyblmWLj6QWVw7huHyDMfpKxhiO2II77nhDw=="
    },
    "node_modules/cssfilter": {
      "version": "0.0.10",
      "resolved": "https://registry.npmjs.org/cssfilter/-/cssfilter-0.0.10.tgz",
      "integrity": "sha512-FAaLDaplstoRsDR8XGYH51znUN0UY7nMc6Z9/fvE8EXGwvJE9hu7W2vHwx1+bd6gCYnln9nLbzxFTrcO9YQDZw=="
    },
    "node_modules/jsplumb": {
      "version": "2.15.6",
      "resolved": "https://registry.npmjs.org/jsplumb/-/jsplumb-2.15.6.tgz",
      "integrity": "sha512-sIpbpz5eMVM+vV+MQzFCidlaa1RsknrQs6LOTKYDjYUDdTAi2AN2bFi94TxB33TifcIsRNV1jebcaxg0tCoPzg=="
    },
    "node_modules/keycharm": {
      "version": "0.4.0",
      "resolved": "https://registry.npmjs.org/keycharm/-/keycharm-0.4.0.tgz",
      "integrity": "sha512-TyQTtsabOVv3MeOpR92sIKk/br9wxS+zGj4BG7CR8YbK4jM3tyIBaF0zhzeBUMx36/Q/iQLOKKOT+3jOQtemRQ==",
      "peer": true
    },
    "node_modules/moment": {
      "version": "2.29.4",
      "resolved": "https://registry.npmjs.org/moment/-/moment-2.29.4.tgz",
      "integrity": "sha512-5LC9SOxjSc2HF6vO2CyuTDNivEdoz2IvyJJGj6X8DJ0eFyfszE0QiEd+iXmBvUP3WHxSjFH/vIsA0EN00cgr8w==",
      "engines": {
        "node": "*"
      }
    },
    "node_modules/moment-timezone": {
      "version": "0.5.34",
      "resolved": "https://registry.npmjs.org/moment-timezone/-/moment-timezone-0.5.34.tgz",
      "integrity": "sha512-3zAEHh2hKUs3EXLESx/wsgw6IQdusOT8Bxm3D9UrHPQR7zlMmzwybC8zHEM1tQ4LJwP7fcxrWr8tuBg05fFCbg==",
      "dependencies": {
        "moment": ">= 2.9.0"
      },
      "engines": {
        "node": "*"
      }
    },
    "node_modules/parchment": {
      "version": "1.1.4",
      "resolved": "https://registry.npmjs.org/parchment/-/parchment-1.1.4.tgz",
      "integrity": "sha512-J5FBQt/pM2inLzg4hEWmzQx/8h8D0CiDxaG3vyp9rKrQRSDgBlhjdP5jQGgosEajXPSQouXGHOmVdgo7QmJuOg=="
    },
    "node_modules/preact": {
      "version": "10.10.0",
      "resolved": "https://registry.npmjs.org/preact/-/preact-10.10.0.tgz",
      "integrity": "sha512-fszkg1iJJjq68I4lI8ZsmBiaoQiQHbxf1lNq+72EmC/mZOsFF5zn3k1yv9QGoFgIXzgsdSKtYymLJsrJPoamjQ==",
      "funding": {
        "type": "opencollective",
        "url": "https://opencollective.com/preact"
      }
    },
    "node_modules/primefaces": {
      "version": "12.0.0",
      "resolved": "https://registry.npmjs.org/primefaces/-/primefaces-12.0.0.tgz",
      "integrity": "sha512-IIrLs3A5eW5cdIwPkkkjAG4eYfaz/iuo/KhetuzmplBYwu+klvG+nknOqM3tK/Y777j4V/6NhaqTE/V0EbHmLQ==",
      "dependencies": {
        "@fullcalendar/common": "^5.11.0",
        "@fullcalendar/core": "^5.11.0",
        "@fullcalendar/daygrid": "^5.11.0",
        "@fullcalendar/interaction": "^5.11.0",
        "@fullcalendar/list": "^5.11.0",
        "@fullcalendar/moment": "^5.11.0",
        "@fullcalendar/timegrid": "^5.11.0",
        "@types/chart.js": "^2.9.37",
        "@types/downloadjs": "^1.4.3",
        "@types/google.maps": "^3.49.2",
        "@types/hammerjs": "^2.0.40",
        "@types/inputmask": "^5.0.3",
        "@types/jquery": "^3.5.14",
        "@types/jqueryui": "^1.12.16",
        "@types/js-cookie": "^2.2.7",
        "@types/quill": "~1.3.10",
        "@types/raphael": "^2.3.3",
        "autonumeric": "~4.6.0",
        "cropperjs": "^1.5.12",
        "jsplumb": "^2.15.6",
        "moment": "^2.29.4",
        "moment-timezone": "^0.5.34",
        "print-js": "^1.6.0",
        "vis-data": "^7.1.4",
        "vis-timeline": "^7.5.1",
        "vis-util": "^5.0.3",
        "xss": "^1.0.13"
      },
      "peerDependencies": {
        "@egjs/hammerjs": "*",
        "component-emitter": "*",
        "keycharm": "*",
        "propagating-hammerjs": "*",
        "uuid": "*"
      },
      "peerDependenciesMeta": {
        "@egjs/hammerjs": {
          "optional": true
        },
        "component-emitter": {
          "optional": true
        },
        "keycharm": {
          "optional": true
        },
        "propagating-hammerjs": {
          "optional": true
        },
        "uuid": {
          "optional": true
        }
      }
    },
    "node_modules/print-js": {
      "version": "1.6.0",
      "resolved": "https://registry.npmjs.org/print-js/-/print-js-1.6.0.tgz",
      "integrity": "sha512-BfnOIzSKbqGRtO4o0rnj/K3681BSd2QUrsIZy/+WdCIugjIswjmx3lDEZpXB2ruGf9d4b3YNINri81+J0FsBWg=="
    },
    "node_modules/propagating-hammerjs": {
      "version": "2.0.1",
      "resolved": "https://registry.npmjs.org/propagating-hammerjs/-/propagating-hammerjs-2.0.1.tgz",
      "integrity": "sha512-PH3zG5whbSxMocphXJzVtvKr+vWAgfkqVvtuwjSJ/apmEACUoiw6auBAT5HYXpZOR0eGcTAfYG5Yl8h91O5Elg==",
      "peer": true,
      "peerDependencies": {
        "@egjs/hammerjs": "^2.0.17"
      }
    },
    "node_modules/tslib": {
      "version": "2.4.0",
      "resolved": "https://registry.npmjs.org/tslib/-/tslib-2.4.0.tgz",
      "integrity": "sha512-d6xOpEDfsi2CZVlPQzGeux8XMwLT9hssAsaPYExaQMuYskwb+x1x7J371tWlbBdWHroy99KnVB6qIkUbs5X3UQ=="
    },
    "node_modules/uuid": {
      "version": "8.3.2",
      "resolved": "https://registry.npmjs.org/uuid/-/uuid-8.3.2.tgz",
      "integrity": "sha512-+NYs2QeMWy+GWFOEm9xnn6HCDp0l7QBD7ml8zLUmJ+93Q5NF0NocErnwkTkXVFNiX3/fpC6afS8Dhb/gz7R7eg==",
      "peer": true,
      "bin": {
        "uuid": "dist/bin/uuid"
      }
    },
    "node_modules/vis-data": {
      "version": "7.1.4",
      "resolved": "https://registry.npmjs.org/vis-data/-/vis-data-7.1.4.tgz",
      "integrity": "sha512-usy+ePX1XnArNvJ5BavQod7YRuGQE1pjFl+pu7IS6rCom2EBoG0o1ZzCqf3l5US6MW51kYkLR+efxRbnjxNl7w==",
      "hasInstallScript": true,
      "funding": {
        "type": "opencollective",
        "url": "https://opencollective.com/visjs"
      },
      "peerDependencies": {
        "uuid": "^7.0.0 || ^8.0.0",
        "vis-util": "^4.0.0 || ^5.0.0"
      }
    },
    "node_modules/vis-timeline": {
      "version": "7.7.0",
      "resolved": "https://registry.npmjs.org/vis-timeline/-/vis-timeline-7.7.0.tgz",
      "integrity": "sha512-et5xobQTEp7i8lqcEjgMWoGE4s4qn+2VtEJ35uRZiL5Y3qRzi84bCTkUKAjOM/HTzVFiLTWET+DZZi1iHYriuA==",
      "hasInstallScript": true,
      "funding": {
        "type": "opencollective",
        "url": "https://opencollective.com/visjs"
      },
      "peerDependencies": {
        "@egjs/hammerjs": "^2.0.0",
        "component-emitter": "^1.3.0",
        "keycharm": "^0.3.0 || ^0.4.0",
        "moment": "^2.24.0",
        "propagating-hammerjs": "^1.4.0 || ^2.0.0",
        "uuid": "^3.4.0 || ^7.0.0 || ^8.0.0",
        "vis-data": "^6.3.0 || ^7.0.0",
        "vis-util": "^3.0.0 || ^4.0.0 || ^5.0.0",
        "xss": "^1.0.0"
      }
    },
    "node_modules/vis-util": {
      "version": "5.0.3",
      "resolved": "https://registry.npmjs.org/vis-util/-/vis-util-5.0.3.tgz",
      "integrity": "sha512-Wf9STUcFrDzK4/Zr7B6epW2Kvm3ORNWF+WiwEz2dpf5RdWkLUXFSbLcuB88n1W6tCdFwVN+v3V4/Xmn9PeL39g==",
      "engines": {
        "node": ">=8"
      },
      "funding": {
        "type": "opencollective",
        "url": "https://opencollective.com/visjs"
      },
      "peerDependencies": {
        "@egjs/hammerjs": "^2.0.0",
        "component-emitter": "^1.3.0"
      }
    },
    "node_modules/xss": {
      "version": "1.0.13",
      "resolved": "https://registry.npmjs.org/xss/-/xss-1.0.13.tgz",
      "integrity": "sha512-clu7dxTm1e8Mo5fz3n/oW3UCXBfV89xZ72jM8yzo1vR/pIS0w3sgB3XV2H8Vm6zfGnHL0FzvLJPJEBhd86/z4Q==",
      "dependencies": {
        "commander": "^2.20.3",
        "cssfilter": "0.0.10"
      },
      "bin": {
        "xss": "bin/xss"
      },
      "engines": {
        "node": ">= 0.10.0"
      }
    }
  },
  "dependencies": {
    "@egjs/hammerjs": {
      "version": "2.0.17",
      "resolved": "https://registry.npmjs.org/@egjs/hammerjs/-/hammerjs-2.0.17.tgz",
      "integrity": "sha512-XQsZgjm2EcVUiZQf11UBJQfmZeEmOW8DpI1gsFeln6w0ae0ii4dMQEQ0kjl6DspdWX1aGY1/loyXnP0JS06e/A==",
      "peer": true,
      "requires": {
        "@types/hammerjs": "^2.0.36"
      }
    },
    "@fullcalendar/common": {
      "version": "5.11.0",
      "resolved": "https://registry.npmjs.org/@fullcalendar/common/-/common-5.11.0.tgz",
      "integrity": "sha512-gWjbMAnN1u73Oqlgjbyky7i+3bY0hvFSnGT0YBPx44n874AkQa9e9OU12PMLTMOPy0tXPb8DEwRelFQ7CJNbcw==",
      "requires": {
        "tslib": "^2.1.0"
      }
    },
    "@fullcalendar/core": {
      "version": "5.11.0",
      "resolved": "https://registry.npmjs.org/@fullcalendar/core/-/core-5.11.0.tgz",
      "integrity": "sha512-cF/d9LuJb/6xw14ms0urv1H4BiA70c4jrufe/EuVzLR6qTDpK92IZ3JK7GVtZtzptfTYZ/NQgDV9YCzIaO9Blw==",
      "requires": {
        "@fullcalendar/common": "~5.11.0",
        "preact": "^10.0.5",
        "tslib": "^2.1.0"
      }
    },
    "@fullcalendar/daygrid": {
      "version": "5.11.0",
      "resolved": "https://registry.npmjs.org/@fullcalendar/daygrid/-/daygrid-5.11.0.tgz",
      "integrity": "sha512-Ybh/dfHn/VL0qOVIRVyJc9I8oYiqqHl6xQONk8xXCe456QbPzAQLsAxpLLJLH+3smWNCfoQgvDKzR9e9XTzLMQ==",
      "requires": {
        "@fullcalendar/common": "~5.11.0",
        "tslib": "^2.1.0"
      }
    },
    "@fullcalendar/interaction": {
      "version": "5.11.0",
      "resolved": "https://registry.npmjs.org/@fullcalendar/interaction/-/interaction-5.11.0.tgz",
      "integrity": "sha512-9XTI5+ydqrSX+IL3iWgKBURXfnPewn57Tmsv9mJZhiqrUEF7/+qtftLoKEAc8ZdWk/+01aBe67PFL16uPXj2Jg==",
      "requires": {
        "@fullcalendar/common": "~5.11.0",
        "tslib": "^2.1.0"
      }
    },
    "@fullcalendar/list": {
      "version": "5.11.0",
      "resolved": "https://registry.npmjs.org/@fullcalendar/list/-/list-5.11.0.tgz",
      "integrity": "sha512-0dl/JV6zEGseTDXpM16nozetByVvJ4l/DElYP+StCtnk+Lr51zFK0yfRWRwB9XInxyapfZLDd/3YjKXQf8Bxcw==",
      "requires": {
        "@fullcalendar/common": "~5.11.0",
        "tslib": "^2.1.0"
      }
    },
    "@fullcalendar/moment": {
      "version": "5.11.0",
      "resolved": "https://registry.npmjs.org/@fullcalendar/moment/-/moment-5.11.0.tgz",
      "integrity": "sha512-zrlqGkgWS0y//Ym+Zf5txh7zhn8UOUtAQ263ZuXdAEJSRDc68GAz+fseDwnsZ1itv+sE86dfmjww9yIt740akg==",
      "requires": {
        "@fullcalendar/common": "~5.11.0",
        "tslib": "^2.1.0"
      }
    },
    "@fullcalendar/timegrid": {
      "version": "5.11.0",
      "resolved": "https://registry.npmjs.org/@fullcalendar/timegrid/-/timegrid-5.11.0.tgz",
      "integrity": "sha512-GNy+/PwAj510PS4Fu18Mf/CytNBVftFU7M8XwsUXOCJ6ouyroHZje0a7k5cH/nE5IQ6NJZfH2eAPBlxGath1MQ==",
      "requires": {
        "@fullcalendar/common": "~5.11.0",
        "@fullcalendar/daygrid": "~5.11.0",
        "tslib": "^2.1.0"
      }
    },
    "@types/chart.js": {
      "version": "2.9.37",
      "resolved": "https://registry.npmjs.org/@types/chart.js/-/chart.js-2.9.37.tgz",
      "integrity": "sha512-9bosRfHhkXxKYfrw94EmyDQcdjMaQPkU1fH2tDxu8DWXxf1mjzWQAV4laJF51ZbC2ycYwNDvIm1rGez8Bug0vg==",
      "requires": {
        "moment": "^2.10.2"
      }
    },
    "@types/downloadjs": {
      "version": "1.4.3",
      "resolved": "https://registry.npmjs.org/@types/downloadjs/-/downloadjs-1.4.3.tgz",
      "integrity": "sha512-MjJepFle/tLtT2/jmDNth6ZnwWzEhm40L+olE5HKR70ISUCfgT55eqreeHldAzFLY2HDUGsn8zgyto8KygN0CA=="
    },
    "@types/google.maps": {
      "version": "3.49.2",
      "resolved": "https://registry.npmjs.org/@types/google.maps/-/google.maps-3.49.2.tgz",
      "integrity": "sha512-ZO1qWciukqED9qcUNW7OaPXWnTlT+tO3WcYkmudZyQW2BqD7TlMFRrdqSCoqfwKhERCwBA5A/YZt/g5A3BqgLQ=="
    },
    "@types/hammerjs": {
      "version": "2.0.41",
      "resolved": "https://registry.npmjs.org/@types/hammerjs/-/hammerjs-2.0.41.tgz",
      "integrity": "sha512-ewXv/ceBaJprikMcxCmWU1FKyMAQ2X7a9Gtmzw8fcg2kIePI1crERDM818W+XYrxqdBBOdlf2rm137bU+BltCA=="
    },
    "@types/inputmask": {
      "version": "5.0.3",
      "resolved": "https://registry.npmjs.org/@types/inputmask/-/inputmask-5.0.3.tgz",
      "integrity": "sha512-9aTXacRhf9D3+porVydLR28ll8/y3TQIrXEXv7ZWY0c3Lzl/1r4nHoaesZeh2Fd+UIefpWZrg2tkSnDn/dKUsw=="
    },
    "@types/jquery": {
      "version": "3.5.14",
      "resolved": "https://registry.npmjs.org/@types/jquery/-/jquery-3.5.14.tgz",
      "integrity": "sha512-X1gtMRMbziVQkErhTQmSe2jFwwENA/Zr+PprCkF63vFq+Yt5PZ4AlKqgmeNlwgn7dhsXEK888eIW2520EpC+xg==",
      "requires": {
        "@types/sizzle": "*"
      }
    },
    "@types/jqueryui": {
      "version": "1.12.16",
      "resolved": "https://registry.npmjs.org/@types/jqueryui/-/jqueryui-1.12.16.tgz",
      "integrity": "sha512-6huAQDpNlso9ayaUT9amBOA3kj02OCeUWs+UvDmbaJmwkHSg/HLsQOoap/D5uveN9ePwl72N45Bl+Frp5xyG1Q==",
      "requires": {
        "@types/jquery": "*"
      }
    },
    "@types/js-cookie": {
      "version": "2.2.7",
      "resolved": "https://registry.npmjs.org/@types/js-cookie/-/js-cookie-2.2.7.tgz",
      "integrity": "sha512-aLkWa0C0vO5b4Sr798E26QgOkss68Un0bLjs7u9qxzPT5CG+8DuNTffWES58YzJs3hrVAOs1wonycqEBqNJubA=="
    },
    "@types/quill": {
      "version": "1.3.10",
      "resolved": "https://registry.npmjs.org/@types/quill/-/quill-1.3.10.tgz",
      "integrity": "sha512-IhW3fPW+bkt9MLNlycw8u8fWb7oO7W5URC9MfZYHBlA24rex9rs23D5DETChu1zvgVdc5ka64ICjJOgQMr6Shw==",
      "requires": {
        "parchment": "^1.1.2"
      }
    },
    "@types/raphael": {
      "version": "2.3.3",
      "resolved": "https://registry.npmjs.org/@types/raphael/-/raphael-2.3.3.tgz",
      "integrity": "sha512-Rhvq0q6wzyvipejki/9w87/pgapyE+s3gO66tdl1oD3qDrow+ek+4vVYAbRkeL58HCCK9EOZKwyjqYJ/TFkmtQ=="
    },
    "@types/sizzle": {
      "version": "2.3.3",
      "resolved": "https://registry.npmjs.org/@types/sizzle/-/sizzle-2.3.3.tgz",
      "integrity": "sha512-JYM8x9EGF163bEyhdJBpR2QX1R5naCJHC8ucJylJ3w9/CVBaskdQ8WqBf8MmQrd1kRvp/a4TS8HJ+bxzR7ZJYQ=="
    },
    "autonumeric": {
      "version": "4.6.0",
      "resolved": "https://registry.npmjs.org/autonumeric/-/autonumeric-4.6.0.tgz",
      "integrity": "sha512-bYnD2oD9UMZBTxSWcvXH1MTcp0w+CUBfXe4HI1QJLGzJu+O27Ny5gqzRcFuDsZB9jrZ5SJjqAG0PieJsaUdTcg=="
    },
    "commander": {
      "version": "2.20.3",
      "resolved": "https://registry.npmjs.org/commander/-/commander-2.20.3.tgz",
      "integrity": "sha512-GpVkmM8vF2vQUkj2LvZmD35JxeJOLCwJ9cUkugyk2nuhbv3+mJvpLYYt+0+USMxE+oj+ey/lJEnhZw75x/OMcQ=="
    },
    "component-emitter": {
      "version": "1.3.0",
      "resolved": "https://registry.npmjs.org/component-emitter/-/component-emitter-1.3.0.tgz",
      "integrity": "sha512-Rd3se6QB+sO1TwqZjscQrurpEPIfO0/yYnSin6Q/rD3mOutHvUrCAhJub3r90uNb+SESBuE0QYoB90YdfatsRg==",
      "peer": true
    },
    "cropperjs": {
      "version": "1.5.12",
      "resolved": "https://registry.npmjs.org/cropperjs/-/cropperjs-1.5.12.tgz",
      "integrity": "sha512-re7UdjE5UnwdrovyhNzZ6gathI4Rs3KGCBSc8HCIjUo5hO42CtzyblmWLj6QWVw7huHyDMfpKxhiO2II77nhDw=="
    },
    "cssfilter": {
      "version": "0.0.10",
      "resolved": "https://registry.npmjs.org/cssfilter/-/cssfilter-0.0.10.tgz",
      "integrity": "sha512-FAaLDaplstoRsDR8XGYH51znUN0UY7nMc6Z9/fvE8EXGwvJE9hu7W2vHwx1+bd6gCYnln9nLbzxFTrcO9YQDZw=="
    },
    "jsplumb": {
      "version": "2.15.6",
      "resolved": "https://registry.npmjs.org/jsplumb/-/jsplumb-2.15.6.tgz",
      "integrity": "sha512-sIpbpz5eMVM+vV+MQzFCidlaa1RsknrQs6LOTKYDjYUDdTAi2AN2bFi94TxB33TifcIsRNV1jebcaxg0tCoPzg=="
    },
    "keycharm": {
      "version": "0.4.0",
      "resolved": "https://registry.npmjs.org/keycharm/-/keycharm-0.4.0.tgz",
      "integrity": "sha512-TyQTtsabOVv3MeOpR92sIKk/br9wxS+zGj4BG7CR8YbK4jM3tyIBaF0zhzeBUMx36/Q/iQLOKKOT+3jOQtemRQ==",
      "peer": true
    },
    "moment": {
      "version": "2.29.4",
      "resolved": "https://registry.npmjs.org/moment/-/moment-2.29.4.tgz",
      "integrity": "sha512-5LC9SOxjSc2HF6vO2CyuTDNivEdoz2IvyJJGj6X8DJ0eFyfszE0QiEd+iXmBvUP3WHxSjFH/vIsA0EN00cgr8w=="
    },
    "moment-timezone": {
      "version": "0.5.34",
      "resolved": "https://registry.npmjs.org/moment-timezone/-/moment-timezone-0.5.34.tgz",
      "integrity": "sha512-3zAEHh2hKUs3EXLESx/wsgw6IQdusOT8Bxm3D9UrHPQR7zlMmzwybC8zHEM1tQ4LJwP7fcxrWr8tuBg05fFCbg==",
      "requires": {
        "moment": ">= 2.9.0"
      }
    },
    "parchment": {
      "version": "1.1.4",
      "resolved": "https://registry.npmjs.org/parchment/-/parchment-1.1.4.tgz",
      "integrity": "sha512-J5FBQt/pM2inLzg4hEWmzQx/8h8D0CiDxaG3vyp9rKrQRSDgBlhjdP5jQGgosEajXPSQouXGHOmVdgo7QmJuOg=="
    },
    "preact": {
      "version": "10.10.0",
      "resolved": "https://registry.npmjs.org/preact/-/preact-10.10.0.tgz",
      "integrity": "sha512-fszkg1iJJjq68I4lI8ZsmBiaoQiQHbxf1lNq+72EmC/mZOsFF5zn3k1yv9QGoFgIXzgsdSKtYymLJsrJPoamjQ=="
    },
    "primefaces": {
      "version": "12.0.0",
      "resolved": "https://registry.npmjs.org/primefaces/-/primefaces-12.0.0.tgz",
      "integrity": "sha512-IIrLs3A5eW5cdIwPkkkjAG4eYfaz/iuo/KhetuzmplBYwu+klvG+nknOqM3tK/Y777j4V/6NhaqTE/V0EbHmLQ==",
      "requires": {
        "@fullcalendar/common": "^5.11.0",
        "@fullcalendar/core": "^5.11.0",
        "@fullcalendar/daygrid": "^5.11.0",
        "@fullcalendar/interaction": "^5.11.0",
        "@fullcalendar/list": "^5.11.0",
        "@fullcalendar/moment": "^5.11.0",
        "@fullcalendar/timegrid": "^5.11.0",
        "@types/chart.js": "^2.9.37",
        "@types/downloadjs": "^1.4.3",
        "@types/google.maps": "^3.49.2",
        "@types/hammerjs": "^2.0.40",
        "@types/inputmask": "^5.0.3",
        "@types/jquery": "^3.5.14",
        "@types/jqueryui": "^1.12.16",
        "@types/js-cookie": "^2.2.7",
        "@types/quill": "~1.3.10",
        "@types/raphael": "^2.3.3",
        "autonumeric": "~4.6.0",
        "cropperjs": "^1.5.12",
        "jsplumb": "^2.15.6",
        "moment": "^2.29.4",
        "moment-timezone": "^0.5.34",
        "print-js": "^1.6.0",
        "vis-data": "^7.1.4",
        "vis-timeline": "^7.5.1",
        "vis-util": "^5.0.3",
        "xss": "^1.0.13"
      }
    },
    "print-js": {
      "version": "1.6.0",
      "resolved": "https://registry.npmjs.org/print-js/-/print-js-1.6.0.tgz",
      "integrity": "sha512-BfnOIzSKbqGRtO4o0rnj/K3681BSd2QUrsIZy/+WdCIugjIswjmx3lDEZpXB2ruGf9d4b3YNINri81+J0FsBWg=="
    },
    "propagating-hammerjs": {
      "version": "2.0.1",
      "resolved": "https://registry.npmjs.org/propagating-hammerjs/-/propagating-hammerjs-2.0.1.tgz",
      "integrity": "sha512-PH3zG5whbSxMocphXJzVtvKr+vWAgfkqVvtuwjSJ/apmEACUoiw6auBAT5HYXpZOR0eGcTAfYG5Yl8h91O5Elg==",
      "peer": true,
      "requires": {}
    },
    "tslib": {
      "version": "2.4.0",
      "resolved": "https://registry.npmjs.org/tslib/-/tslib-2.4.0.tgz",
      "integrity": "sha512-d6xOpEDfsi2CZVlPQzGeux8XMwLT9hssAsaPYExaQMuYskwb+x1x7J371tWlbBdWHroy99KnVB6qIkUbs5X3UQ=="
    },
    "uuid": {
      "version": "8.3.2",
      "resolved": "https://registry.npmjs.org/uuid/-/uuid-8.3.2.tgz",
      "integrity": "sha512-+NYs2QeMWy+GWFOEm9xnn6HCDp0l7QBD7ml8zLUmJ+93Q5NF0NocErnwkTkXVFNiX3/fpC6afS8Dhb/gz7R7eg==",
      "peer": true
    },
    "vis-data": {
      "version": "7.1.4",
      "resolved": "https://registry.npmjs.org/vis-data/-/vis-data-7.1.4.tgz",
      "integrity": "sha512-usy+ePX1XnArNvJ5BavQod7YRuGQE1pjFl+pu7IS6rCom2EBoG0o1ZzCqf3l5US6MW51kYkLR+efxRbnjxNl7w==",
      "requires": {}
    },
    "vis-timeline": {
      "version": "7.7.0",
      "resolved": "https://registry.npmjs.org/vis-timeline/-/vis-timeline-7.7.0.tgz",
      "integrity": "sha512-et5xobQTEp7i8lqcEjgMWoGE4s4qn+2VtEJ35uRZiL5Y3qRzi84bCTkUKAjOM/HTzVFiLTWET+DZZi1iHYriuA==",
      "requires": {}
    },
    "vis-util": {
      "version": "5.0.3",
      "resolved": "https://registry.npmjs.org/vis-util/-/vis-util-5.0.3.tgz",
      "integrity": "sha512-Wf9STUcFrDzK4/Zr7B6epW2Kvm3ORNWF+WiwEz2dpf5RdWkLUXFSbLcuB88n1W6tCdFwVN+v3V4/Xmn9PeL39g==",
      "requires": {}
    },
    "xss": {
      "version": "1.0.13",
      "resolved": "https://registry.npmjs.org/xss/-/xss-1.0.13.tgz",
      "integrity": "sha512-clu7dxTm1e8Mo5fz3n/oW3UCXBfV89xZ72jM8yzo1vR/pIS0w3sgB3XV2H8Vm6zfGnHL0FzvLJPJEBhd86/z4Q==",
      "requires": {
        "commander": "^2.20.3",
        "cssfilter": "0.0.10"
      }
    }
  }
}
